{
  "name": "video-consult-miniapp",
  "version": "0.1.0",
  "lockfileVersion": 3,
  "requires": true,
  "packages": {
    "": {
      "name": "video-consult-miniapp",
      "version": "0.1.0",
      "hasInstallScript": true,
      "dependencies": {
        "@trtc/call-engine-lite-wx": "^3.4.13",
        "@trtc/calls-uikit-wx": "latest"
      }
    },
    "node_modules/@tencentcloud/lite-chat": {
      "version": "1.6.12",
      "resolved": "https://registry.npmjs.org/@tencentcloud/lite-chat/-/lite-chat-1.6.12.tgz",
      "integrity": "sha512-arK+Xw2LkL9rOmALW2/a9u8NeeJqvRurHAi/TgZnsSWoeGjOc8X6gpY5/5FuOfVPeV74SW2So+9YvLpHvOwnFg==",
      "license": "ISC"
    },
    "node_modules/@tencentcloud/trtc-cloud-wx": {
      "version": "1.0.8",
      "resolved": "https://registry.npmjs.org/@tencentcloud/trtc-cloud-wx/-/trtc-cloud-wx-1.0.8.tgz",
      "integrity": "sha512-72TYYt6XNTr9Y401qw23YODfhLC9AGniNqb9ACFTVGDtInApHn139kGhKeudgTYEdTObkG1JjUcdkfcknHGhSA==",
      "license": "ISC",
      "dependencies": {
        "eventemitter3": "^5.0.0",
        "trtc-wx-sdk": "^1.1.14"
      }
    },
    "node_modules/@tencentcloud/trtc-component-wx": {
      "version": "1.0.7",
      "resolved": "https://registry.npmjs.org/@tencentcloud/trtc-component-wx/-/trtc-component-wx-1.0.7.tgz",
      "integrity": "sha512-+e+08VYYvdqHRFsHuzc+7dPwjBC9Ec4M/IPuLAPkbyM7ZSxKLYMm+gfl2SeXqAavB09V2luMMjyMOjhrsHx/vw==",
      "license": "MIT",
      "dependencies": {
        "@tencentcloud/trtc-cloud-wx": "^1.0.7"
      }
    },
    "node_modules/@tencentcloud/tui-core-lite": {
      "version": "1.0.1",
      "resolved": "https://registry.npmjs.org/@tencentcloud/tui-core-lite/-/tui-core-lite-1.0.1.tgz",
      "integrity": "sha512-EYPEzzUxArtGkhlD6fzzHUjMQJYRdttrLyFjWAemwAQ9yuEvCjPwN0HfMorK6QDOENKfjnSCnyipcE4qzEFHXg==",
      "license": "ISC",
      "dependencies": {
        "@tencentcloud/lite-chat": "^1.6.11"
      }
    },
    "node_modules/@trtc/call-engine-lite-wx": {
      "version": "3.4.13",
      "resolved": "https://registry.npmjs.org/@trtc/call-engine-lite-wx/-/call-engine-lite-wx-3.4.13.tgz",
      "integrity": "sha512-Dv3wREtBi7d368FhRuOFOE+erQrLHMo5lnPBIWXSil6sLO6ZqrSn6J6+e44sp7y6/RIJo+e+SxAyAVVxkLZOOQ==",
      "license": "ISC",
      "dependencies": {
        "@tencentcloud/lite-chat": "^1.5.0",
        "@tencentcloud/trtc-component-wx": "^1.0.5",
        "eventemitter3": "^4.0.7"
      }
    },
    "node_modules/@trtc/call-engine-lite-wx/node_modules/eventemitter3": {
      "version": "4.0.7",
      "resolved": "https://registry.npmjs.org/eventemitter3/-/eventemitter3-4.0.7.tgz",
      "integrity": "sha512-8guHBZCwKnFhYdHr2ysuRWErTwhoN2X8XELRlrRwpmfeY2jjuUN4taQMsULKUVo1K4DvZl+0pgfyoysHxvmvEw==",
      "license": "MIT"
    },
    "node_modules/@trtc/calls-uikit-wx": {
      "version": "4.2.11",
      "resolved": "https://registry.npmjs.org/@trtc/calls-uikit-wx/-/calls-uikit-wx-4.2.11.tgz",
      "integrity": "sha512-Ns5vkikMQtEfw9F0cGodLuR7TL40Dc/5Q0zUHqpfXxw29MeiCpL+7AUjNqsPvWe6GKz5X2Gxq+FedWI8CdSNXA==",
      "license": "ISC",
      "dependencies": {
        "@tencentcloud/trtc-component-wx": "^1.0.7",
        "@tencentcloud/tui-core-lite": "~1.0.0",
        "@trtc/call-engine-lite-wx": "~3.4.10",
        "aegis-mp-sdk": "latest"
      }
    },
    "node_modules/aegis-mp-sdk": {
      "version": "1.39.3",
      "resolved": "https://registry.npmjs.org/aegis-mp-sdk/-/aegis-mp-sdk-1.39.3.tgz",
      "integrity": "sha512-kkI5hGGutVZPRQ8Ukz3lrCHHOSkUZKoO9dCf9MIKyZ37HQ+58acH/8JQLf/PiHbHfmiouQ0cNBUdlz073YBVHw==",
      "license": "MIT"
    },
    "node_modules/eventemitter3": {
      "version": "5.0.4",
      "resolved": "https://registry.npmjs.org/eventemitter3/-/eventemitter3-5.0.4.tgz",
      "integrity": "sha512-mlsTRyGaPBjPedk6Bvw+aqbsXDtoAyAzm5MO7JgU+yVRyMQ5O8bD4Kcci7BS85f93veegeCPkL8R4GLClnjLFw==",
      "license": "MIT"
    },
    "node_modules/trtc-wx-sdk": {
      "version": "1.1.14",
      "resolved": "https://registry.npmjs.org/trtc-wx-sdk/-/trtc-wx-sdk-1.1.14.tgz",
      "integrity": "sha512-QYV2j5pDlhbM0zykYq8OYaSpjyTn0/YbsK180iNwCLEA61m2KWm2wb1veRBVsTP9Lq0iqbSMU17cOW963vcraA==",
      "license": "ISC"
    }
  }
}
